// !$*UTF8*$!
{
	archiveVersion = 1;
	classes = {
	};
	objectVersion = 46;
	objects = {

/* Begin PBXBuildFile section */
		285C09DA1DDEAA59001FC2E7 /* AppDelegate.swift in Sources */ = {isa = PBXBuildFile; fileRef = 285C09D91DDEAA59001FC2E7 /* AppDelegate.swift */; };
		285C09DC1DDEAA59001FC2E7 /* ViewController.swift in Sources */ = {isa = PBXBuildFile; fileRef = 285C09DB1DDEAA59001FC2E7 /* ViewController.swift */; };
		285C09DF1DDEAA59001FC2E7 /* Main.storyboard in Resources */ = {isa = PBXBuildFile; fileRef = 285C09DD1DDEAA59001FC2E7 /* Main.storyboard */; };
		285C09E11DDEAA59001FC2E7 /* Assets.xcassets in Resources */ = {isa = PBXBuildFile; fileRef = 285C09E01DDEAA59001FC2E7 /* Assets.xcassets */; };
		285C09E41DDEAA59001FC2E7 /* LaunchScreen.storyboard in Resources */ = {isa = PBXBuildFile; fileRef = 285C09E21DDEAA59001FC2E7 /* LaunchScreen.storyboard */; };
		285C09EF1DDEAA59001FC2E7 /* EmotionTests.swift in Sources */ = {isa = PBXBuildFile; fileRef = 285C09EE1DDEAA59001FC2E7 /* EmotionTests.swift */; };
		285C09FA1DDEAA59001FC2E7 /* EmotionUITests.swift in Sources */ = {isa = PBXBuildFile; fileRef = 285C09F91DDEAA59001FC2E7 /* EmotionUITests.swift */; };
		285C0A0B1DDED68D001FC2E7 /* EmotionController.swift in Sources */ = {isa = PBXBuildFile; fileRef = 285C0A0A1DDED68D001FC2E7 /* EmotionController.swift */; };
		285C0A0D1DDED6A2001FC2E7 /* Emoticons.bundle in Resources */ = {isa = PBXBuildFile; fileRef = 285C0A0C1DDED6A2001FC2E7 /* Emoticons.bundle */; };
		285C0A101DDED6E3001FC2E7 /* Emoticon.swift in Sources */ = {isa = PBXBuildFile; fileRef = 285C0A0F1DDED6E3001FC2E7 /* Emoticon.swift */; };
		285C0A121DDED82A001FC2E7 /* EmoticonPackage.swift in Sources */ = {isa = PBXBuildFile; fileRef = 285C0A111DDED82A001FC2E7 /* EmoticonPackage.swift */; };
		285C0A141DDED9A5001FC2E7 /* EmoticonManager.swift in Sources */ = {isa = PBXBuildFile; fileRef = 285C0A131DDED9A5001FC2E7 /* EmoticonManager.swift */; };
		285C0A161DDEDFD6001FC2E7 /* EmoticonViewCell.swift in Sources */ = {isa = PBXBuildFile; fileRef = 285C0A151DDEDFD6001FC2E7 /* EmoticonViewCell.swift */; };
		DE57305A1DE1530700380355 /* EmoticonAttachment.swift in Sources */ = {isa = PBXBuildFile; fileRef = DE5730591DE1530700380355 /* EmoticonAttachment.swift */; };
		DE57305C1DE1553A00380355 /* UITextView-Extension.swift in Sources */ = {isa = PBXBuildFile; fileRef = DE57305B1DE1553A00380355 /* UITextView-Extension.swift */; };
		DEF241A91DE1EEA400416FD3 /* FindEmoticon.swift in Sources */ = {isa = PBXBuildFile; fileRef = DEF241A81DE1EEA400416FD3 /* FindEmoticon.swift */; };
/* End PBXBuildFile section */

/* Begin PBXContainerItemProxy section */
		285C09EB1DDEAA59001FC2E7 /* PBXContainerItemProxy */ = {
			isa = PBXContainerItemProxy;
			containerPortal = 285C09CE1DDEAA59001FC2E7 /* Project object */;
			proxyType = 1;
			remoteGlobalIDString = 285C09D51DDEAA59001FC2E7;
			remoteInfo = Emotion;
		};
		285C09F61DDEAA59001FC2E7 /* PBXContainerItemProxy */ = {
			isa = PBXContainerItemProxy;
			containerPortal = 285C09CE1DDEAA59001FC2E7 /* Project object */;
			proxyType = 1;
			remoteGlobalIDString = 285C09D51DDEAA59001FC2E7;
			remoteInfo = Emotion;
		};
/* End PBXContainerItemProxy section */

/* Begin PBXFileReference section */
		285C09D61DDEAA59001FC2E7 /* Emotion.app */ = {isa = PBXFileReference; explicitFileType = wrapper.application; includeInIndex = 0; path = Emotion.app; sourceTree = BUILT_PRODUCTS_DIR; };
		285C09D91DDEAA59001FC2E7 /* AppDelegate.swift */ = {isa = PBXFileReference; lastKnownFileType = sourcecode.swift; path = AppDelegate.swift; sourceTree = "<group>"; };
		285C09DB1DDEAA59001FC2E7 /* ViewController.swift */ = {isa = PBXFileReference; lastKnownFileType = sourcecode.swift; path = ViewController.swift; sourceTree = "<group>"; };
		285C09DE1DDEAA59001FC2E7 /* Base */ = {isa = PBXFileReference; lastKnownFileType = file.storyboard; name = Base; path = Base.lproj/Main.storyboard; sourceTree = "<group>"; };
		285C09E01DDEAA59001FC2E7 /* Assets.xcassets */ = {isa = PBXFileReference; lastKnownFileType = folder.assetcatalog; path = Assets.xcassets; sourceTree = "<group>"; };
		285C09E31DDEAA59001FC2E7 /* Base */ = {isa = PBXFileReference; lastKnownFileType = file.storyboard; name = Base; path = Base.lproj/LaunchScreen.storyboard; sourceTree = "<group>"; };
		285C09E51DDEAA59001FC2E7 /* Info.plist */ = {isa = PBXFileReference; lastKnownFileType = text.plist.xml; path = Info.plist; sourceTree = "<group>"; };
		285C09EA1DDEAA59001FC2E7 /* EmotionTests.xctest */ = {isa = PBXFileReference; explicitFileType = wrapper.cfbundle; includeInIndex = 0; path = EmotionTests.xctest; sourceTree = BUILT_PRODUCTS_DIR; };
		285C09EE1DDEAA59001FC2E7 /* EmotionTests.swift */ = {isa = PBXFileReference; lastKnownFileType = sourcecode.swift; path = EmotionTests.swift; sourceTree = "<group>"; };
		285C09F01DDEAA59001FC2E7 /* Info.plist */ = {isa = PBXFileReference; lastKnownFileType = text.plist.xml; path = Info.plist; sourceTree = "<group>"; };
		285C09F51DDEAA59001FC2E7 /* EmotionUITests.xctest */ = {isa = PBXFileReference; explicitFileType = wrapper.cfbundle; includeInIndex = 0; path = EmotionUITests.xctest; sourceTree = BUILT_PRODUCTS_DIR; };
		285C09F91DDEAA59001FC2E7 /* EmotionUITests.swift */ = {isa = PBXFileReference; lastKnownFileType = sourcecode.swift; path = EmotionUITests.swift; sourceTree = "<group>"; };
		285C09FB1DDEAA59001FC2E7 /* Info.plist */ = {isa = PBXFileReference; lastKnownFileType = text.plist.xml; path = Info.plist; sourceTree = "<group>"; };
		285C0A0A1DDED68D001FC2E7 /* EmotionController.swift */ = {isa = PBXFileReference; fileEncoding = 4; lastKnownFileType = sourcecode.swift; path = EmotionController.swift; sourceTree = "<group>"; };
		285C0A0C1DDED6A2001FC2E7 /* Emoticons.bundle */ = {isa = PBXFileReference; lastKnownFileType = "wrapper.plug-in"; path = Emoticons.bundle; sourceTree = "<group>"; };
		285C0A0F1DDED6E3001FC2E7 /* Emoticon.swift */ = {isa = PBXFileReference; fileEncoding = 4; lastKnownFileType = sourcecode.swift; path = Emoticon.swift; sourceTree = "<group>"; };
		285C0A111DDED82A001FC2E7 /* EmoticonPackage.swift */ = {isa = PBXFileReference; fileEncoding = 4; lastKnownFileType = sourcecode.swift; path = EmoticonPackage.swift; sourceTree = "<group>"; };
		285C0A131DDED9A5001FC2E7 /* EmoticonManager.swift */ = {isa = PBXFileReference; fileEncoding = 4; lastKnownFileType = sourcecode.swift; path = EmoticonManager.swift; sourceTree = "<group>"; };
		285C0A151DDEDFD6001FC2E7 /* EmoticonViewCell.swift */ = {isa = PBXFileReference; fileEncoding = 4; lastKnownFileType = sourcecode.swift; path = EmoticonViewCell.swift; sourceTree = "<group>"; };
		DE5730591DE1530700380355 /* EmoticonAttachment.swift */ = {isa = PBXFileReference; fileEncoding = 4; lastKnownFileType = sourcecode.swift; path = EmoticonAttachment.swift; sourceTree = "<group>"; };
		DE57305B1DE1553A00380355 /* UITextView-Extension.swift */ = {isa = PBXFileReference; fileEncoding = 4; lastKnownFileType = sourcecode.swift; path = "UITextView-Extension.swift"; sourceTree = "<group>"; };
		DEF241A81DE1EEA400416FD3 /* FindEmoticon.swift */ = {isa = PBXFileReference; fileEncoding = 4; lastKnownFileType = sourcecode.swift; path = FindEmoticon.swift; sourceTree = "<group>"; };
/* End PBXFileReference section */

/* Begin PBXFrameworksBuildPhase section */
		285C09D31DDEAA59001FC2E7 /* Frameworks */ = {
			isa = PBXFrameworksBuildPhase;
			buildActionMask = 2147483647;
			files = (
			);
			runOnlyForDeploymentPostprocessing = 0;
		};
		285C09E71DDEAA59001FC2E7 /* Frameworks */ = {
			isa = PBXFrameworksBuildPhase;
			buildActionMask = 2147483647;
			files = (
			);
			runOnlyForDeploymentPostprocessing = 0;
		};
		285C09F21DDEAA59001FC2E7 /* Frameworks */ = {
			isa = PBXFrameworksBuildPhase;
			buildActionMask = 2147483647;
			files = (
			);
			runOnlyForDeploymentPostprocessing = 0;
		};
/* End PBXFrameworksBuildPhase section */

/* Begin PBXGroup section */
		285C09CD1DDEAA59001FC2E7 = {
			isa = PBXGroup;
			children = (
				285C09D81DDEAA59001FC2E7 /* Emotion */,
				285C09ED1DDEAA59001FC2E7 /* EmotionTests */,
				285C09F81DDEAA59001FC2E7 /* EmotionUITests */,
				285C09D71DDEAA59001FC2E7 /* Products */,
			);
			sourceTree = "<group>";
		};
		285C09D71DDEAA59001FC2E7 /* Products */ = {
			isa = PBXGroup;
			children = (
				285C09D61DDEAA59001FC2E7 /* Emotion.app */,
				285C09EA1DDEAA59001FC2E7 /* EmotionTests.xctest */,
				285C09F51DDEAA59001FC2E7 /* EmotionUITests.xctest */,
			);
			name = Products;
			sourceTree = "<group>";
		};
		285C09D81DDEAA59001FC2E7 /* Emotion */ = {
			isa = PBXGroup;
			children = (
				285C0A091DDED68D001FC2E7 /* Emotion */,
				285C09D91DDEAA59001FC2E7 /* AppDelegate.swift */,
				285C09DB1DDEAA59001FC2E7 /* ViewController.swift */,
				285C09DD1DDEAA59001FC2E7 /* Main.storyboard */,
				285C09E01DDEAA59001FC2E7 /* Assets.xcassets */,
				285C09E21DDEAA59001FC2E7 /* LaunchScreen.storyboard */,
				285C09E51DDEAA59001FC2E7 /* Info.plist */,
			);
			path = Emotion;
			sourceTree = "<group>";
		};
		285C09ED1DDEAA59001FC2E7 /* EmotionTests */ = {
			isa = PBXGroup;
			children = (
				285C09EE1DDEAA59001FC2E7 /* EmotionTests.swift */,
				285C09F01DDEAA59001FC2E7 /* Info.plist */,
			);
			path = EmotionTests;
			sourceTree = "<group>";
		};
		285C09F81DDEAA59001FC2E7 /* EmotionUITests */ = {
			isa = PBXGroup;
			children = (
				285C09F91DDEAA59001FC2E7 /* EmotionUITests.swift */,
				285C09FB1DDEAA59001FC2E7 /* Info.plist */,
			);
			path = EmotionUITests;
			sourceTree = "<group>";
		};
		285C0A091DDED68D001FC2E7 /* Emotion */ = {
			isa = PBXGroup;
			children = (
				285C0A0E1DDED6B9001FC2E7 /* Model */,
				285C0A0C1DDED6A2001FC2E7 /* Emoticons.bundle */,
				285C0A0A1DDED68D001FC2E7 /* EmotionController.swift */,
				285C0A151DDEDFD6001FC2E7 /* EmoticonViewCell.swift */,
				DE5730591DE1530700380355 /* EmoticonAttachment.swift */,
				DE57305B1DE1553A00380355 /* UITextView-Extension.swift */,
				DEF241A81DE1EEA400416FD3 /* FindEmoticon.swift */,
			);
			path = Emotion;
			sourceTree = "<group>";
		};
		285C0A0E1DDED6B9001FC2E7 /* Model */ = {
			isa = PBXGroup;
			children = (
				285C0A0F1DDED6E3001FC2E7 /* Emoticon.swift */,
				285C0A111DDED82A001FC2E7 /* EmoticonPackage.swift */,
				285C0A131DDED9A5001FC2E7 /* EmoticonManager.swift */,
			);
			path = Model;
			sourceTree = "<group>";
		};
/* End PBXGroup section */

/* Begin PBXNativeTarget section */
		285C09D51DDEAA59001FC2E7 /* Emotion */ = {
			isa = PBXNativeTarget;
			buildConfigurationList = 285C09FE1DDEAA59001FC2E7 /* Build configuration list for PBXNativeTarget "Emotion" */;
			buildPhases = (
				285C09D21DDEAA59001FC2E7 /* Sources */,
				285C09D31DDEAA59001FC2E7 /* Frameworks */,
				285C09D41DDEAA59001FC2E7 /* Resources */,
			);
			buildRules = (
			);
			dependencies = (
			);
			name = Emotion;
			productName = Emotion;
			productReference = 285C09D61DDEAA59001FC2E7 /* Emotion.app */;
			productType = "com.apple.product-type.application";
		};
		285C09E91DDEAA59001FC2E7 /* EmotionTests */ = {
			isa = PBXNativeTarget;
			buildConfigurationList = 285C0A011DDEAA59001FC2E7 /* Build configuration list for PBXNativeTarget "EmotionTests" */;
			buildPhases = (
				285C09E61DDEAA59001FC2E7 /* Sources */,
				285C09E71DDEAA59001FC2E7 /* Frameworks */,
				285C09E81DDEAA59001FC2E7 /* Resources */,
			);
			buildRules = (
			);
			dependencies = (
				285C09EC1DDEAA59001FC2E7 /* PBXTargetDependency */,
			);
			name = EmotionTests;
			productName = EmotionTests;
			productReference = 285C09EA1DDEAA59001FC2E7 /* EmotionTests.xctest */;
			productType = "com.apple.product-type.bundle.unit-test";
		};
		285C09F41DDEAA59001FC2E7 /* EmotionUITests */ = {
			isa = PBXNativeTarget;
			buildConfigurationList = 285C0A041DDEAA59001FC2E7 /* Build configuration list for PBXNativeTarget "EmotionUITests" */;
			buildPhases = (
				285C09F11DDEAA59001FC2E7 /* Sources */,
				285C09F21DDEAA59001FC2E7 /* Frameworks */,
				285C09F31DDEAA59001FC2E7 /* Resources */,
			);
			buildRules = (
			);
			dependencies = (
				285C09F71DDEAA59001FC2E7 /* PBXTargetDependency */,
			);
			name = EmotionUITests;
			productName = EmotionUITests;
			productReference = 285C09F51DDEAA59001FC2E7 /* EmotionUITests.xctest */;
			productType = "com.apple.product-type.bundle.ui-testing";
		};
/* End PBXNativeTarget section */

/* Begin PBXProject section */
		285C09CE1DDEAA59001FC2E7 /* Project object */ = {
			isa = PBXProject;
			attributes = {
				LastSwiftUpdateCheck = 0720;
				LastUpgradeCheck = 0720;
				ORGANIZATIONNAME = archy;
				TargetAttributes = {
					285C09D51DDEAA59001FC2E7 = {
						CreatedOnToolsVersion = 7.2.1;
					};
					285C09E91DDEAA59001FC2E7 = {
						CreatedOnToolsVersion = 7.2.1;
						TestTargetID = 285C09D51DDEAA59001FC2E7;
					};
					285C09F41DDEAA59001FC2E7 = {
						CreatedOnToolsVersion = 7.2.1;
						TestTargetID = 285C09D51DDEAA59001FC2E7;
					};
				};
			};
			buildConfigurationList = 285C09D11DDEAA59001FC2E7 /* Build configuration list for PBXProject "Emotion" */;
			compatibilityVersion = "Xcode 3.2";
			developmentRegion = English;
			hasScannedForEncodings = 0;
			knownRegions = (
				en,
				Base,
			);
			mainGroup = 285C09CD1DDEAA59001FC2E7;
			productRefGroup = 285C09D71DDEAA59001FC2E7 /* Products */;
			projectDirPath = "";
			projectRoot = "";
			targets = (
				285C09D51DDEAA59001FC2E7 /* Emotion */,
				285C09E91DDEAA59001FC2E7 /* EmotionTests */,
				285C09F41DDEAA59001FC2E7 /* EmotionUITests */,
			);
		};
/* End PBXProject section */

/* Begin PBXResourcesBuildPhase section */
		285C09D41DDEAA59001FC2E7 /* Resources */ = {
			isa = PBXResourcesBuildPhase;
			buildActionMask = 2147483647;
			files = (
				285C09E41DDEAA59001FC2E7 /* LaunchScreen.storyboard in Resources */,
				285C0A0D1DDED6A2001FC2E7 /* Emoticons.bundle in Resources */,
				285C09E11DDEAA59001FC2E7 /* Assets.xcassets in Resources */,
				285C09DF1DDEAA59001FC2E7 /* Main.storyboard in Resources */,
			);
			runOnlyForDeploymentPostprocessing = 0;
		};
		285C09E81DDEAA59001FC2E7 /* Resources */ = {
			isa = PBXResourcesBuildPhase;
			buildActionMask = 2147483647;
			files = (
			);
			runOnlyForDeploymentPostprocessing = 0;
		};
		285C09F31DDEAA59001FC2E7 /* Resources */ = {
			isa = PBXResourcesBuildPhase;
			buildActionMask = 2147483647;
			files = (
			);
			runOnlyForDeploymentPostprocessing = 0;
		};
/* End PBXResourcesBuildPhase section */

/* Begin PBXSourcesBuildPhase section */
		285C09D21DDEAA59001FC2E7 /* Sources */ = {
			isa = PBXSourcesBuildPhase;
			buildActionMask = 2147483647;
			files = (
				285C0A161DDEDFD6001FC2E7 /* EmoticonViewCell.swift in Sources */,
				285C0A0B1DDED68D001FC2E7 /* EmotionController.swift in Sources */,
				DE57305C1DE1553A00380355 /* UITextView-Extension.swift in Sources */,
				DE57305A1DE1530700380355 /* EmoticonAttachment.swift in Sources */,
				285C09DC1DDEAA59001FC2E7 /* ViewController.swift in Sources */,
				285C0A121DDED82A001FC2E7 /* EmoticonPackage.swift in Sources */,
				DEF241A91DE1EEA400416FD3 /* FindEmoticon.swift in Sources */,
				285C0A141DDED9A5001FC2E7 /* EmoticonManager.swift in Sources */,
				285C09DA1DDEAA59001FC2E7 /* AppDelegate.swift in Sources */,
				285C0A101DDED6E3001FC2E7 /* Emoticon.swift in Sources */,
			);
			runOnlyForDeploymentPostprocessing = 0;
		};
		285C09E61DDEAA59001FC2E7 /* Sources */ = {
			isa = PBXSourcesBuildPhase;
			buildActionMask = 2147483647;
			files = (
				285C09EF1DDEAA59001FC2E7 /* EmotionTests.swift in Sources */,
			);
			runOnlyForDeploymentPostprocessing = 0;
		};
		285C09F11DDEAA59001FC2E7 /* Sources */ = {
			isa = PBXSourcesBuildPhase;
			buildActionMask = 2147483647;
			files = (
				285C09FA1DDEAA59001FC2E7 /* EmotionUITests.swift in Sources */,
			);
			runOnlyForDeploymentPostprocessing = 0;
		};
/* End PBXSourcesBuildPhase section */

/* Begin PBXTargetDependency section */
		285C09EC1DDEAA59001FC2E7 /* PBXTargetDependency */ = {
			isa = PBXTargetDependency;
			target = 285C09D51DDEAA59001FC2E7 /* Emotion */;
			targetProxy = 285C09EB1DDEAA59001FC2E7 /* PBXContainerItemProxy */;
		};
		285C09F71DDEAA59001FC2E7 /* PBXTargetDependency */ = {
			isa = PBXTargetDependency;
			target = 285C09D51DDEAA59001FC2E7 /* Emotion */;
			targetProxy = 285C09F61DDEAA59001FC2E7 /* PBXContainerItemProxy */;
		};
/* End PBXTargetDependency section */

/* Begin PBXVariantGroup section */
		285C09DD1DDEAA59001FC2E7 /* Main.storyboard */ = {
			isa = PBXVariantGroup;
			children = (
				285C09DE1DDEAA59001FC2E7 /* Base */,
			);
			name = Main.storyboard;
			sourceTree = "<group>";
		};
		285C09E21DDEAA59001FC2E7 /* LaunchScreen.storyboard */ = {
			isa = PBXVariantGroup;
			children = (
				285C09E31DDEAA59001FC2E7 /* Base */,
			);
			name = LaunchScreen.storyboard;
			sourceTree = "<group>";
		};
/* End PBXVariantGroup section */

/* Begin XCBuildConfiguration section */
		285C09FC1DDEAA59001FC2E7 /* Debug */ = {
			isa = XCBuildConfiguration;
			buildSettings = {
				ALWAYS_SEARCH_USER_PATHS = NO;
				CLANG_CXX_LANGUAGE_STANDARD = "gnu++0x";
				CLANG_CXX_LIBRARY = "libc++";
				CLANG_ENABLE_MODULES = YES;
				CLANG_ENABLE_OBJC_ARC = YES;
				CLANG_WARN_BOOL_CONVERSION = YES;
				CLANG_WARN_CONSTANT_CONVERSION = YES;
				CLANG_WARN_DIRECT_OBJC_ISA_USAGE = YES_ERROR;
				CLANG_WARN_EMPTY_BODY = YES;
				CLANG_WARN_ENUM_CONVERSION = YES;
				CLANG_WARN_INT_CONVERSION = YES;
				CLANG_WARN_OBJC_ROOT_CLASS = YES_ERROR;
				CLANG_WARN_UNREACHABLE_CODE = YES;
				CLANG_WARN__DUPLICATE_METHOD_MATCH = YES;
				"CODE_SIGN_IDENTITY[sdk=iphoneos*]" = "iPhone Developer";
				COPY_PHASE_STRIP = NO;
				DEBUG_INFORMATION_FORMAT = dwarf;
				ENABLE_STRICT_OBJC_MSGSEND = YES;
				ENABLE_TESTABILITY = YES;
				GCC_C_LANGUAGE_STANDARD = gnu99;
				GCC_DYNAMIC_NO_PIC = NO;
				GCC_NO_COMMON_BLOCKS = YES;
				GCC_OPTIMIZATION_LEVEL = 0;
				GCC_PREPROCESSOR_DEFINITIONS = (
					"DEBUG=1",
					"$(inherited)",
				);
				GCC_WARN_64_TO_32_BIT_CONVERSION = YES;
				GCC_WARN_ABOUT_RETURN_TYPE = YES_ERROR;
				GCC_WARN_UNDECLARED_SELECTOR = YES;
				GCC_WARN_UNINITIALIZED_AUTOS = YES_AGGRESSIVE;
				GCC_WARN_UNUSED_FUNCTION = YES;
				GCC_WARN_UNUSED_VARIABLE = YES;
				IPHONEOS_DEPLOYMENT_TARGET = 9.2;
				MTL_ENABLE_DEBUG_INFO = YES;
				ONLY_ACTIVE_ARCH = YES;
				SDKROOT = iphoneos;
				SWIFT_OPTIMIZATION_LEVEL = "-Onone";
				TARGETED_DEVICE_FAMILY = "1,2";
			};
			name = Debug;
		};
		285C09FD1DDEAA59001FC2E7 /* Release */ = {
			isa = XCBuildConfiguration;
			buildSettings = {
				ALWAYS_SEARCH_USER_PATHS = NO;
				CLANG_CXX_LANGUAGE_STANDARD = "gnu++0x";
				CLANG_CXX_LIBRARY = "libc++";
				CLANG_ENABLE_MODULES = YES;
				CLANG_ENABLE_OBJC_ARC = YES;
				CLANG_WARN_BOOL_CONVERSION = YES;
				CLANG_WARN_CONSTANT_CONVERSION = YES;
				CLANG_WARN_DIRECT_OBJC_ISA_USAGE = YES_ERROR;
				CLANG_WARN_EMPTY_BODY = YES;
				CLANG_WARN_ENUM_CONVERSION = YES;
				CLANG_WARN_INT_CONVERSION = YES;
				CLANG_WARN_OBJC_ROOT_CLASS = YES_ERROR;
				CLANG_WARN_UNREACHABLE_CODE = YES;
				CLANG_WARN__DUPLICATE_METHOD_MATCH = YES;
				"CODE_SIGN_IDENTITY[sdk=iphoneos*]" = "iPhone Developer";
				COPY_PHASE_STRIP = NO;
				DEBUG_INFORMATION_FORMAT = "dwarf-with-dsym";
				ENABLE_NS_ASSERTIONS = NO;
				ENABLE_STRICT_OBJC_MSGSEND = YES;
				GCC_C_LANGUAGE_STANDARD = gnu99;
				GCC_NO_COMMON_BLOCKS = YES;
				GCC_WARN_64_TO_32_BIT_CONVERSION = YES;
				GCC_WARN_ABOUT_RETURN_TYPE = YES_ERROR;
				GCC_WARN_UNDECLARED_SELECTOR = YES;
				GCC_WARN_UNINITIALIZED_AUTOS = YES_AGGRESSIVE;
				GCC_WARN_UNUSED_FUNCTION = YES;
				GCC_WARN_UNUSED_VARIABLE = YES;
				IPHONEOS_DEPLOYMENT_TARGET = 9.2;
				MTL_ENABLE_DEBUG_INFO = NO;
				SDKROOT = iphoneos;
				TARGETED_DEVICE_FAMILY = "1,2";
				VALIDATE_PRODUCT = YES;
			};
			name = Release;
		};
		285C09FF1DDEAA59001FC2E7 /* Debug */ = {
			isa = XCBuildConfiguration;
			buildSettings = {
				ASSETCATALOG_COMPILER_APPICON_NAME = AppIcon;
				INFOPLIST_FILE = Emotion/Info.plist;
				IPHONEOS_DEPLOYMENT_TARGET = 9.0;
				LD_RUNPATH_SEARCH_PATHS = "$(inherited) @executable_path/Frameworks";
				PRODUCT_BUNDLE_IDENTIFIER = com.archy.Emotion;
				PRODUCT_NAME = "$(TARGET_NAME)";
			};
			name = Debug;
		};
		285C0A001DDEAA59001FC2E7 /* Release */ = {
			isa = XCBuildConfiguration;
			buildSettings = {
				ASSETCATALOG_COMPILER_APPICON_NAME = AppIcon;
				INFOPLIST_FILE = Emotion/Info.plist;
				IPHONEOS_DEPLOYMENT_TARGET = 9.0;
				LD_RUNPATH_SEARCH_PATHS = "$(inherited) @executable_path/Frameworks";
				PRODUCT_BUNDLE_IDENTIFIER = com.archy.Emotion;
				PRODUCT_NAME = "$(TARGET_NAME)";
			};
			name = Release;
		};
		285C0A021DDEAA59001FC2E7 /* Debug */ = {
			isa = XCBuildConfiguration;
			buildSettings = {
				BUNDLE_LOADER = "$(TEST_HOST)";
				INFOPLIST_FILE = EmotionTests/Info.plist;
				LD_RUNPATH_SEARCH_PATHS = "$(inherited) @executable_path/Frameworks @loader_path/Frameworks";
				PRODUCT_BUNDLE_IDENTIFIER = com.archy.EmotionTests;
				PRODUCT_NAME = "$(TARGET_NAME)";
				TEST_HOST = "$(BUILT_PRODUCTS_DIR)/Emotion.app/Emotion";
			};
			name = Debug;
		};
		285C0A031DDEAA59001FC2E7 /* Release */ = {
			isa = XCBuildConfiguration;
			buildSettings = {
				BUNDLE_LOADER = "$(TEST_HOST)";
				INFOPLIST_FILE = EmotionTests/Info.plist;
				LD_RUNPATH_SEARCH_PATHS = "$(inherited) @executable_path/Frameworks @loader_path/Frameworks";
				PRODUCT_BUNDLE_IDENTIFIER = com.archy.EmotionTests;
				PRODUCT_NAME = "$(TARGET_NAME)";
				TEST_HOST = "$(BUILT_PRODUCTS_DIR)/Emotion.app/Emotion";
			};
			name = Release;
		};
		285C0A051DDEAA59001FC2E7 /* Debug */ = {
			isa = XCBuildConfiguration;
			buildSettings = {
				INFOPLIST_FILE = EmotionUITests/Info.plist;
				LD_RUNPATH_SEARCH_PATHS = "$(inherited) @executable_path/Frameworks @loader_path/Frameworks";
				PRODUCT_BUNDLE_IDENTIFIER = com.archy.EmotionUITests;
				PRODUCT_NAME = "$(TARGET_NAME)";
				TEST_TARGET_NAME = Emotion;
				USES_XCTRUNNER = YES;
			};
			name = Debug;
		};
		285C0A061DDEAA59001FC2E7 /* Release */ = {
			isa = XCBuildConfiguration;
			buildSettings = {
				INFOPLIST_FILE = EmotionUITests/Info.plist;
				LD_RUNPATH_SEARCH_PATHS = "$(inherited) @executable_path/Frameworks @loader_path/Frameworks";
				PRODUCT_BUNDLE_IDENTIFIER = com.archy.EmotionUITests;
				PRODUCT_NAME = "$(TARGET_NAME)";
				TEST_TARGET_NAME = Emotion;
				USES_XCTRUNNER = YES;
			};
			name = Release;
		};
/* End XCBuildConfiguration section */

/* Begin XCConfigurationList section */
		285C09D11DDEAA59001FC2E7 /* Build configuration list for PBXProject "Emotion" */ = {
			isa = XCConfigurationList;
			buildConfigurations = (
				285C09FC1DDEAA59001FC2E7 /* Debug */,
				285C09FD1DDEAA59001FC2E7 /* Release */,
			);
			defaultConfigurationIsVisible = 0;
			defaultConfigurationName = Release;
		};
		285C09FE1DDEAA59001FC2E7 /* Build configuration list for PBXNativeTarget "Emotion" */ = {
			isa = XCConfigurationList;
			buildConfigurations = (
				285C09FF1DDEAA59001FC2E7 /* Debug */,
				285C0A001DDEAA59001FC2E7 /* Release */,
			);
			defaultConfigurationIsVisible = 0;
			defaultConfigurationName = Release;
		};
		285C0A011DDEAA59001FC2E7 /* Build configuration list for PBXNativeTarget "EmotionTests" */ = {
			isa = XCConfigurationList;
			buildConfigurations = (
				285C0A021DDEAA59001FC2E7 /* Debug */,
				285C0A031DDEAA59001FC2E7 /* Release */,
			);
			defaultConfigurationIsVisible = 0;
			defaultConfigurationName = Release;
		};
		285C0A041DDEAA59001FC2E7 /* Build configuration list for PBXNativeTarget "EmotionUITests" */ = {
			isa = XCConfigurationList;
			buildConfigurations = (
				285C0A051DDEAA59001FC2E7 /* Debug */,
				285C0A061DDEAA59001FC2E7 /* Release */,
			);
			defaultConfigurationIsVisible = 0;
			defaultConfigurationName = Release;
		};
/* End XCConfigurationList section */
	};
	rootObject = 285C09CE1DDEAA59001FC2E7 /* Project object */;
}
